{
  "version": "2",
  "remote": {
    "https://cdn.skypack.dev/-/@mastojs/ponyfills@v1.0.4-E74YNywpQU2wvs8wLdBB/dist=es2019,mode=imports/optimized/@mastojs/ponyfills.js": "e48daf8ef2ea3eeaf4d2001326c6d82a662a645f7b05123b5704e98bbf291653",
    "https://cdn.skypack.dev/-/call-bind@v1.0.2-aQhc5rw7D717dqak1kKd/dist=es2019,mode=imports/optimized/call-bind/callBound.js": "1c071462cf0f8435ec0128420b848962c98a02bba04b9a66d487c6c2dedc8c75",
    "https://cdn.skypack.dev/-/call-bind@v1.0.2-aQhc5rw7D717dqak1kKd/dist=es2019,mode=imports/optimized/common/index-46ba46fb.js": "375f19372451f01406891804e68e5297427ffd2cc1dc414ba2acc570657633fd",
    "https://cdn.skypack.dev/-/camel-case@v4.1.2-sEW8eWPQ0cYXvRHzfElM/dist=es2019,mode=imports/optimized/camel-case.js": "b52f44b7b7ca5eeb73982e15e2dda03b45dc44b392ef413f52d179b102e9cb71",
    "https://cdn.skypack.dev/-/capital-case@v1.0.4-FZ10ls2niCF2z4ShYbCN/dist=es2019,mode=imports/optimized/capital-case.js": "8e4f5b1b7b9b51cd0d6a82aa94a3ef5020ae302cf0f29d7e89fd1bdee91464b0",
    "https://cdn.skypack.dev/-/change-case@v4.1.2-HG0zMG00AKimkVMu79pK/dist=es2019,mode=imports/optimized/change-case.js": "f6fb1a25d038ae02bf207fb325fc5d073897df120afac8d9b6d1e8d7e4498b14",
    "https://cdn.skypack.dev/-/constant-case@v3.0.4-DNbYrND8fapxuQIFeaDc/dist=es2019,mode=imports/optimized/constant-case.js": "d88e6c5d5f86f36350342bb36a6f4373811823ed7be4aae567b25b2acb97c25b",
    "https://cdn.skypack.dev/-/dot-case@v3.0.4-N3F1tVY3VRCVmbSGWqqB/dist=es2019,mode=imports/optimized/dot-case.js": "a24582199b53b253aa94663b3d336ee192f1c0e3923860b50f4043156d24fbea",
    "https://cdn.skypack.dev/-/eventemitter3@v5.0.1-LAQzZPh0438kuOiS9B7X/dist=es2019,mode=imports/optimized/eventemitter3.js": "7ae4358c6c0630d94066f984311ba6c644f83307643e7da66e91e8360d8e74c9",
    "https://cdn.skypack.dev/-/function-bind@v1.1.1-I2U4xSizU1p8sDZSqt3X/dist=es2019,mode=imports/optimized/function-bind.js": "dc4acf0cf579ae4cc3fc41693f0fba305dd435afd17fa8429dc612dec09eba9c",
    "https://cdn.skypack.dev/-/get-intrinsic@v1.1.1-vDQgt4R7li5Q5aDeDi2i/dist=es2019,mode=imports/optimized/get-intrinsic.js": "6610feb6c01b4a3e5e266f36f84a5580f053dc1fa66445c95a25b28e2579cc30",
    "https://cdn.skypack.dev/-/has-symbols@v1.0.2-E56JBEeOw5quDp1CshX2/dist=es2019,mode=imports/optimized/has-symbols.js": "d769f197bc2a5cff49ad3563ee27070ddf0917e6adbbb2a27689a259169abba3",
    "https://cdn.skypack.dev/-/has@v1.0.3-Od4aggPz2zCm2qUbOWra/dist=es2019,mode=imports/optimized/has.js": "6f59b5492b4aecf279f2a91596f17dbab033766d75fe21fc5a1331f1c09a38e8",
    "https://cdn.skypack.dev/-/header-case@v2.0.4-W3Zd4n23vDTLZHNQfGHu/dist=es2019,mode=imports/optimized/header-case.js": "9229965fef28d7f042daac7aeef02c2f125bf37e380972de89d88aa28388ba06",
    "https://cdn.skypack.dev/-/isomorphic-ws@v5.0.0-VGNcYlgpEmQN04MH8ApQ/dist=es2019,mode=imports/optimized/isomorphic-ws.js": "2aa075e0be2ec34f92e102d4144dee47ac6c1e6421afd8bdf6147dfb3e0b3356",
    "https://cdn.skypack.dev/-/lower-case@v2.0.2-aCQ7sefD1aWT58CJN28R/dist=es2019,mode=imports/optimized/lower-case.js": "3325251d7ab441e1740e462ff5af5b3ff3d565b31ba95937971cc4c98c1c9383",
    "https://cdn.skypack.dev/-/lru-cache@v6.0.0-IF3dXOIuVvZ6NoDdLuhR/dist=es2019,mode=imports/optimized/lru-cache.js": "9f317410d01919ed5e8979525691dbfffd87ce4e42be8b9c3ed9cd6fbc95236c",
    "https://cdn.skypack.dev/-/masto@v5.11.4-rMv3fpx8GCAVR0wWxxZo/dist=es2019,mode=imports/optimized/masto.js": "dfb866383bd9be4118bec684801f0155ced2a3069e8b1a40da84baa19d63d693",
    "https://cdn.skypack.dev/-/no-case@v3.0.4-xZJ7pxem1vSyfS3I9Ip0/dist=es2019,mode=imports/optimized/no-case.js": "9f0235063680821388a73701f5f4b2c593b6bb4da814e9adb9c205526a99bbac",
    "https://cdn.skypack.dev/-/object-inspect@v1.12.0-IB76S71JAEzSjyyJcpt5/dist=es2019,mode=imports/optimized/object-inspect.js": "8add1649c03dd45e6786bc30a14ca6ff1c049de807e40d82a93722cb1472d190",
    "https://cdn.skypack.dev/-/param-case@v3.0.4-VPfJWS04d6TltkmUP0hS/dist=es2019,mode=imports/optimized/param-case.js": "3a7d2048651752392f44322031288bd2d77b6abdf7485220b642a3303c1323b1",
    "https://cdn.skypack.dev/-/pascal-case@v3.1.2-KL4pf90nJ7KybtjhIgrX/dist=es2019,mode=imports/optimized/pascal-case.js": "094736cb2e80140ea135c3ebd10ffa06b210237de5ee02698b58b5cc46031ed7",
    "https://cdn.skypack.dev/-/path-case@v3.0.4-RZ9n0teUAVvNOnJsX6bm/dist=es2019,mode=imports/optimized/path-case.js": "cd00448dd4527b00d6dd0bad983b5138982a16e454d9f94777df2289ae50656c",
    "https://cdn.skypack.dev/-/qs@v6.11.2-frNnYqLQmS0dEkTFkUak/dist=es2019,mode=imports/optimized/qs.js": "99fe2bc5e7dc55c62eec017734cb2e3ff4791d07075949e2ed6fe238c09c32f8",
    "https://cdn.skypack.dev/-/semver@v7.5.4-SuRcFOO3nNFrVQlXrHMe/dist=es2019,mode=imports/optimized/semver.js": "3e7324f6f5913273cfa99874db66e9ae1670ec56196d73fb8f23a3975d59714a",
    "https://cdn.skypack.dev/-/sentence-case@v3.0.4-YJiUQgGlSQF9z0075TwC/dist=es2019,mode=imports/optimized/sentence-case.js": "8d2f18ac42221128394567491a1258fe35c5c08d71ebddfa3347018950565af8",
    "https://cdn.skypack.dev/-/side-channel@v1.0.4-QnzQgoiRxXqT15V2FuQ6/dist=es2019,mode=imports/optimized/side-channel.js": "963a11dd09ee824a1a149d6163d007ddad62fb91066479f59cc8a3f1e481ee35",
    "https://cdn.skypack.dev/-/snake-case@v3.0.4-gJlMEpR4N1Eh31E3KgWR/dist=es2019,mode=imports/optimized/snake-case.js": "853b3833f843ac95c8b8724930da0c5890c8afb4f382975616a19085ef97fd38",
    "https://cdn.skypack.dev/-/tslib@v2.1.0-MLGlgmjPar8j2y7qEZaV/dist=es2019,mode=imports/optimized/tslib.js": "151ea8a5bb3f8472e3a49b957b48cc6ad19cd09156d6243e4ff3e03f242c339c",
    "https://cdn.skypack.dev/-/upper-case-first@v2.0.2-t1LYIhUYnSf6PvroBrBX/dist=es2019,mode=imports/optimized/upper-case-first.js": "419eadda62c29fbb1dd53d482244ea50ad112a6d62ac439bbef4247250e78bf3",
    "https://cdn.skypack.dev/-/upper-case@v2.0.2-8Dn1bsxB2voyhGPfQdkV/dist=es2019,mode=imports/optimized/upper-case.js": "e4ffd31c13baf3d3cf588e5fb2f2dcf31f19fe3042ab877926e8294ba8366bde",
    "https://cdn.skypack.dev/-/yallist@v4.0.0-zGx9utyhIe9lDU5JvFtt/dist=es2019,mode=imports/optimized/yallist.js": "4854561a2ed352e797634de4d204325dcd352d25fd70a1a5780f355347d9ee53",
    "https://cdn.skypack.dev/masto@5": "898fcaf0b5f59d243118a4a3a5f77a24d0b642282b30534b23b98058cc6c7ad0",
    "https://deno.land/std@0.171.0/collections/filter_values.ts": "5b9feaf17b9a6e5ffccdd36cf6f38fa4ffa94cff2602d381c2ad0c2a97929652",
    "https://deno.land/std@0.171.0/collections/without_all.ts": "a89f5da0b5830defed4f59666e188df411d8fece35a5f6ca69be6ca71a95c185",
    "https://deno.land/std@0.171.0/dotenv/mod.ts": "6e1dbc4737e3f62a5c1f3d2a26a0e5626fb168a198375bef574fedbe86a79f20",
    "https://deno.land/x/aloedb@0.9.0/lib/core.ts": "1dde5be37471c5a9d65cc86b7e19203456c3cc66ac89a32b60ddc3b66e7606ef",
    "https://deno.land/x/aloedb@0.9.0/lib/database.ts": "4463ea3d5860ef5c6e594a518fb80c3d167f0e664f6f49d6b29c2f76ca186d0e",
    "https://deno.land/x/aloedb@0.9.0/lib/helpers.ts": "9e0a8a9c52136246f6c3ca0b169f0b6d4e2db3b2c5b3b526ade5b2ff7d26429f",
    "https://deno.land/x/aloedb@0.9.0/lib/reader.ts": "4f293abf368a2c5eefd8b7e52c6474f3bc9420e5be8105bc39b35fadda716981",
    "https://deno.land/x/aloedb@0.9.0/lib/types.ts": "e099cd43684658d28c2c0c52f595acbac44193ca7bf9294db508f9fd4591fcc1",
    "https://deno.land/x/aloedb@0.9.0/lib/utils.ts": "d8139e452d009c7d2ce0335abd7da466b0536188bc52f46f1df499a64920c9ba",
    "https://deno.land/x/aloedb@0.9.0/lib/writer.ts": "834f961f60c86d1a65caf963dbc34ff59f863706fbb3e2f026444f028bae6634",
    "https://deno.land/x/aloedb@0.9.0/mod.ts": "f1aa9beb667cc055886647b5e8998b51046a58ac35251b42ddc68eec43502f83",
    "https://deno.land/x/loggy@0.0.2/main.ts": "5af72c21ee2252857650445d7201efa3ee1b28151ce5dfb449283c73c3212d26"
  },
  "npm": {
    "specifiers": {
      "@atproto/api": "@atproto/api@0.5.4",
      "@atproto/api@^0.4.4": "@atproto/api@0.4.4",
      "@atproto/api@^0.5.2": "@atproto/api@0.5.4",
      "@atproto/api@^0.5.4": "@atproto/api@0.5.4",
      "@atproto/api@^0.6": "@atproto/api@0.6.4",
      "masto@^5": "masto@5.11.4_ws@8.13.0",
      "masto@^6": "masto@6.1.0_ws@8.13.0",
      "twitter-api-v2@^1.15.1": "twitter-api-v2@1.15.1"
    },
    "packages": {
      "@atproto/api@0.4.4": {
        "integrity": "sha512-U/6LiCzXioldGvuHauen9q7uUFn7b2agHkYsKCmdvGHB1CvIUmo+jTA8nynC5/XXJH8rAeZCg9gKcpAKV8noZA==",
        "dependencies": {
          "@atproto/common-web": "@atproto/common-web@0.2.0",
          "@atproto/uri": "@atproto/uri@0.1.0",
          "@atproto/xrpc": "@atproto/xrpc@0.2.0",
          "tlds": "tlds@1.240.0",
          "typed-emitter": "typed-emitter@2.1.0"
        }
      },
      "@atproto/api@0.5.4": {
        "integrity": "sha512-e2M5d+w6PMEzunVWbeX4yD9pMXaP6FakQYOfj4gUz9tL05k94Qv1dcX8IFUHdWEunHijLGU2fU2SNC4jgiuLBA==",
        "dependencies": {
          "@atproto/common-web": "@atproto/common-web@0.2.0",
          "@atproto/uri": "@atproto/uri@0.1.0",
          "@atproto/xrpc": "@atproto/xrpc@0.2.0",
          "tlds": "tlds@1.240.0",
          "typed-emitter": "typed-emitter@2.1.0"
        }
      },
      "@atproto/api@0.6.4": {
        "integrity": "sha512-h12ybc9PlNnlxJi73RRb3tpQ2pCDzUSOrferuNAXj5XRCB6F+rrxKOmqq5A48L8WwnJIoYrfb2xLNc4PL6iVQg==",
        "dependencies": {
          "@atproto/common-web": "@atproto/common-web@0.2.0",
          "@atproto/uri": "@atproto/uri@0.1.0",
          "@atproto/xrpc": "@atproto/xrpc@0.2.0",
          "tlds": "tlds@1.240.0",
          "typed-emitter": "typed-emitter@2.1.0"
        }
      },
      "@atproto/common-web@0.2.0": {
        "integrity": "sha512-ugKrT8CWf6PDsZ29VOhOCs5K4z9BAFIV7SxPXA+MHC7pINqQ+wyjIq+DtUI8kmUSce1dTqc/lMN1akf/W5whVQ==",
        "dependencies": {
          "graphemer": "graphemer@1.4.0",
          "multiformats": "multiformats@9.9.0",
          "uint8arrays": "uint8arrays@3.0.0",
          "zod": "zod@3.21.4"
        }
      },
      "@atproto/identifier@0.2.0": {
        "integrity": "sha512-5zzlozQEWPMDzyl0D0zSpuNbnc1gtBg/Ov5wbcfieZzbjxgJ/eJHXEBlmxNE1uN91QqpGX5FCEE36jX8tKl9Ag==",
        "dependencies": {
          "@atproto/common-web": "@atproto/common-web@0.2.0"
        }
      },
      "@atproto/lexicon@0.2.0": {
        "integrity": "sha512-0OpLZ4o4pbRj2e19h2fO69781wPmL0S8WJaXey3y9FLjV19lj18IEbnlE/OQG8qZNDyGmgezs00L/o7qNCJorw==",
        "dependencies": {
          "@atproto/common-web": "@atproto/common-web@0.2.0",
          "@atproto/identifier": "@atproto/identifier@0.2.0",
          "@atproto/nsid": "@atproto/nsid@0.1.0",
          "@atproto/uri": "@atproto/uri@0.1.0",
          "iso-datestring-validator": "iso-datestring-validator@2.2.2",
          "multiformats": "multiformats@9.9.0",
          "zod": "zod@3.21.4"
        }
      },
      "@atproto/nsid@0.1.0": {
        "integrity": "sha512-Pp+tHrGtPVHUi3ainR5yPgHbuqxrZrT0vAMbsNonL+NpWRB82szZSWNThPAgUz4v73Fav6y0WcTIXHzRv2D2Yg==",
        "dependencies": {}
      },
      "@atproto/uri@0.1.0": {
        "integrity": "sha512-ZaiOYHsakB98HrXfqiF6m7xgahSn9yXxKnPm0EaN0Breax6jtTl+lblWtduonAmyWVLJJAQJbvF+ud0i/3+wBw==",
        "dependencies": {
          "@atproto/identifier": "@atproto/identifier@0.2.0",
          "@atproto/nsid": "@atproto/nsid@0.1.0"
        }
      },
      "@atproto/xrpc@0.2.0": {
        "integrity": "sha512-xsyJDPG0aVfNmBvjvVkjD4YdETCkOC/xhW+4BIzKucKIH8YftcE78ANZg5rdfXjIAnsQNPP2nDf13EKcfFHpKw==",
        "dependencies": {
          "@atproto/lexicon": "@atproto/lexicon@0.2.0",
          "zod": "zod@3.21.4"
        }
      },
      "@mastojs/ponyfills@1.0.4": {
        "integrity": "sha512-1NaIGmcU7OmyNzx0fk+cYeGTkdXlOJOSdetaC4pStVWsrhht2cdlYSAfe5NDW3FcUmcEm2vVceB9lcClN1RCxw==",
        "dependencies": {
          "@types/node": "@types/node@18.17.2",
          "@types/node-fetch": "@types/node-fetch@2.6.4",
          "abort-controller": "abort-controller@3.0.0",
          "form-data": "form-data@4.0.0",
          "node-fetch": "node-fetch@2.6.12"
        }
      },
      "@types/node-fetch@2.6.4": {
        "integrity": "sha512-1ZX9fcN4Rvkvgv4E6PAY5WXUFWFcRWxZa3EW83UjycOB9ljJCedb2CupIP4RZMEwF/M3eTcCihbBRgwtGbg5Rg==",
        "dependencies": {
          "@types/node": "@types/node@18.17.2",
          "form-data": "form-data@3.0.1"
        }
      },
      "@types/node@18.17.2": {
        "integrity": "sha512-wBo3KqP/PBqje5TI9UTiuL3yWfP6sdPtjtygSOqcYZWT232dfDeDOnkDps5wqZBP9NgGgYrNejinl0faAuE+HQ==",
        "dependencies": {}
      },
      "abort-controller@3.0.0": {
        "integrity": "sha512-h8lQ8tacZYnR3vNQTgibj+tODHI5/+l06Au2Pcriv/Gmet0eaj4TwWH41sO9wnHDiQsEj19q0drzdWdeAHtweg==",
        "dependencies": {
          "event-target-shim": "event-target-shim@5.0.1"
        }
      },
      "asynckit@0.4.0": {
        "integrity": "sha512-Oei9OH4tRh0YqU3GxhX79dM/mwVgvbZJaSNaRk+bshkj0S5cfHcgYakreBjrHwatXKbz+IoIdYLxrKim2MjW0Q==",
        "dependencies": {}
      },
      "call-bind@1.0.2": {
        "integrity": "sha512-7O+FbCihrB5WGbFYesctwmTKae6rOiIzmz1icreWJ+0aA7LJfuqhEso2T9ncpcFtzMQtzXf2QGGueWJGTYsqrA==",
        "dependencies": {
          "function-bind": "function-bind@1.1.1",
          "get-intrinsic": "get-intrinsic@1.2.1"
        }
      },
      "camel-case@4.1.2": {
        "integrity": "sha512-gxGWBrTT1JuMx6R+o5PTXMmUnhnVzLQ9SNutD4YqKtI6ap897t3tKECYla6gCWEkplXnlNybEkZg9GEGxKFCgw==",
        "dependencies": {
          "pascal-case": "pascal-case@3.1.2",
          "tslib": "tslib@2.6.1"
        }
      },
      "capital-case@1.0.4": {
        "integrity": "sha512-ds37W8CytHgwnhGGTi88pcPyR15qoNkOpYwmMMfnWqqWgESapLqvDx6huFjQ5vqWSn2Z06173XNA7LtMOeUh1A==",
        "dependencies": {
          "no-case": "no-case@3.0.4",
          "tslib": "tslib@2.6.1",
          "upper-case-first": "upper-case-first@2.0.2"
        }
      },
      "change-case@4.1.2": {
        "integrity": "sha512-bSxY2ws9OtviILG1EiY5K7NNxkqg/JnRnFxLtKQ96JaviiIxi7djMrSd0ECT9AC+lttClmYwKw53BWpOMblo7A==",
        "dependencies": {
          "camel-case": "camel-case@4.1.2",
          "capital-case": "capital-case@1.0.4",
          "constant-case": "constant-case@3.0.4",
          "dot-case": "dot-case@3.0.4",
          "header-case": "header-case@2.0.4",
          "no-case": "no-case@3.0.4",
          "param-case": "param-case@3.0.4",
          "pascal-case": "pascal-case@3.1.2",
          "path-case": "path-case@3.0.4",
          "sentence-case": "sentence-case@3.0.4",
          "snake-case": "snake-case@3.0.4",
          "tslib": "tslib@2.6.1"
        }
      },
      "combined-stream@1.0.8": {
        "integrity": "sha512-FQN4MRfuJeHf7cBbBMJFXhKSDq+2kAArBlmRBvcvFE5BB1HZKXtSFASDhdlz9zOYwxh8lDdnvmMOe/+5cdoEdg==",
        "dependencies": {
          "delayed-stream": "delayed-stream@1.0.0"
        }
      },
      "constant-case@3.0.4": {
        "integrity": "sha512-I2hSBi7Vvs7BEuJDr5dDHfzb/Ruj3FyvFyh7KLilAjNQw3Be+xgqUBA2W6scVEcL0hL1dwPRtIqEPVUCKkSsyQ==",
        "dependencies": {
          "no-case": "no-case@3.0.4",
          "tslib": "tslib@2.6.1",
          "upper-case": "upper-case@2.0.2"
        }
      },
      "delayed-stream@1.0.0": {
        "integrity": "sha512-ZySD7Nf91aLB0RxL4KGrKHBXl7Eds1DAmEdcoVawXnLD7SDhpNgtuII2aAkg7a7QS41jxPSZ17p4VdGnMHk3MQ==",
        "dependencies": {}
      },
      "dot-case@3.0.4": {
        "integrity": "sha512-Kv5nKlh6yRrdrGvxeJ2e5y2eRUpkUosIW4A2AS38zwSz27zu7ufDwQPi5Jhs3XAlGNetl3bmnGhQsMtkKJnj3w==",
        "dependencies": {
          "no-case": "no-case@3.0.4",
          "tslib": "tslib@2.6.1"
        }
      },
      "event-target-shim@5.0.1": {
        "integrity": "sha512-i/2XbnSz/uxRCU6+NdVJgKWDTM427+MqYbkQzD321DuCQJUqOuJKIA0IM2+W2xtYHdKOmZ4dR6fExsd4SXL+WQ==",
        "dependencies": {}
      },
      "eventemitter3@5.0.1": {
        "integrity": "sha512-GWkBvjiSZK87ELrYOSESUYeVIc9mvLLf/nXalMOS5dYrgZq9o5OVkbZAVM06CVxYsCwH9BDZFPlQTlPA1j4ahA==",
        "dependencies": {}
      },
      "events-to-async@2.0.0": {
        "integrity": "sha512-NiZEr4g51nI4/lz/6NdwMqK/TLIctlnp9TQ3wCJjlRp47VgrthUZE4nrk2UhfZ8VzoQ/Xyth+G6MKioLCt0FVA==",
        "dependencies": {}
      },
      "form-data@3.0.1": {
        "integrity": "sha512-RHkBKtLWUVwd7SqRIvCZMEvAMoGUp0XU+seQiZejj0COz3RI3hWP4sCv3gZWWLjJTd7rGwcsF5eKZGii0r/hbg==",
        "dependencies": {
          "asynckit": "asynckit@0.4.0",
          "combined-stream": "combined-stream@1.0.8",
          "mime-types": "mime-types@2.1.35"
        }
      },
      "form-data@4.0.0": {
        "integrity": "sha512-ETEklSGi5t0QMZuiXoA/Q6vcnxcLQP5vdugSpuAyi6SVGi2clPPp+xgEhuMaHC+zGgn31Kd235W35f7Hykkaww==",
        "dependencies": {
          "asynckit": "asynckit@0.4.0",
          "combined-stream": "combined-stream@1.0.8",
          "mime-types": "mime-types@2.1.35"
        }
      },
      "function-bind@1.1.1": {
        "integrity": "sha512-yIovAzMX49sF8Yl58fSCWJ5svSLuaibPxXQJFLmBObTuCr0Mf1KiPopGM9NiFjiYBCbfaa2Fh6breQ6ANVTI0A==",
        "dependencies": {}
      },
      "get-intrinsic@1.2.1": {
        "integrity": "sha512-2DcsyfABl+gVHEfCOaTrWgyt+tb6MSEGmKq+kI5HwLbIYgjgmMcV8KQ41uaKz1xxUcn9tJtgFbQUEVcEbd0FYw==",
        "dependencies": {
          "function-bind": "function-bind@1.1.1",
          "has": "has@1.0.3",
          "has-proto": "has-proto@1.0.1",
          "has-symbols": "has-symbols@1.0.3"
        }
      },
      "graphemer@1.4.0": {
        "integrity": "sha512-EtKwoO6kxCL9WO5xipiHTZlSzBm7WLT627TqC/uVRd0HKmq8NXyebnNYxDoBi7wt8eTWrUrKXCOVaFq9x1kgag==",
        "dependencies": {}
      },
      "has-proto@1.0.1": {
        "integrity": "sha512-7qE+iP+O+bgF9clE5+UoBFzE65mlBiVj3tKCrlNQ0Ogwm0BjpT/gK4SlLYDMybDh5I3TCTKnPPa0oMG7JDYrhg==",
        "dependencies": {}
      },
      "has-symbols@1.0.3": {
        "integrity": "sha512-l3LCuF6MgDNwTDKkdYGEihYjt5pRPbEg46rtlmnSPlUbgmB8LOIrKJbYYFBSbnPaJexMKtiPO8hmeRjRz2Td+A==",
        "dependencies": {}
      },
      "has@1.0.3": {
        "integrity": "sha512-f2dvO0VU6Oej7RkWJGrehjbzMAjFp5/VKPp5tTpWIV4JHHZK1/BxbFRtf/siA2SWTe09caDmVtYYzWEIbBS4zw==",
        "dependencies": {
          "function-bind": "function-bind@1.1.1"
        }
      },
      "header-case@2.0.4": {
        "integrity": "sha512-H/vuk5TEEVZwrR0lp2zed9OCo1uAILMlx0JEMgC26rzyJJ3N1v6XkwHHXJQdR2doSjcGPM6OKPYoJgf0plJ11Q==",
        "dependencies": {
          "capital-case": "capital-case@1.0.4",
          "tslib": "tslib@2.6.1"
        }
      },
      "iso-datestring-validator@2.2.2": {
        "integrity": "sha512-yLEMkBbLZTlVQqOnQ4FiMujR6T4DEcCb1xizmvXS+OxuhwcbtynoosRzdMA69zZCShCNAbi+gJ71FxZBBXx1SA==",
        "dependencies": {}
      },
      "isomorphic-ws@5.0.0_ws@8.13.0": {
        "integrity": "sha512-muId7Zzn9ywDsyXgTIafTry2sV3nySZeUDe6YedVd1Hvuuep5AsIlqK+XefWpYTyJG5e503F2xIuT2lcU6rCSw==",
        "dependencies": {
          "ws": "ws@8.13.0"
        }
      },
      "lower-case@2.0.2": {
        "integrity": "sha512-7fm3l3NAF9WfN6W3JOmf5drwpVqX78JtoGJ3A6W0a6ZnldM41w2fV5D490psKFTpMds8TJse/eHLFFsNHHjHgg==",
        "dependencies": {
          "tslib": "tslib@2.6.1"
        }
      },
      "lru-cache@6.0.0": {
        "integrity": "sha512-Jo6dJ04CmSjuznwJSS3pUeWmd/H0ffTlkXXgwZi+eq1UCmqQwCh+eLsYOYCwY991i2Fah4h1BEMCx4qThGbsiA==",
        "dependencies": {
          "yallist": "yallist@4.0.0"
        }
      },
      "masto@5.11.4_ws@8.13.0": {
        "integrity": "sha512-sLF3SJTNZDAP57Y+8vAdd1KQTuWWxmGUrBF1R2GLPL6zij/1wXxV05+h8GZhnfg+696arkt+w6ZlKvEEfH1yvg==",
        "dependencies": {
          "@mastojs/ponyfills": "@mastojs/ponyfills@1.0.4",
          "change-case": "change-case@4.1.2",
          "eventemitter3": "eventemitter3@5.0.1",
          "isomorphic-ws": "isomorphic-ws@5.0.0_ws@8.13.0",
          "qs": "qs@6.11.2",
          "semver": "semver@7.5.4",
          "ws": "ws@8.13.0"
        }
      },
      "masto@6.1.0_ws@8.13.0": {
        "integrity": "sha512-6c3jEM+/i7NRz1VaszLJKdKkDd3+2tbUJKGGWNid07ZxpHdUfyGMx+596uTnrnlNT4o54/Acnw/yPVzAsXzdrA==",
        "dependencies": {
          "change-case": "change-case@4.1.2",
          "events-to-async": "events-to-async@2.0.0",
          "isomorphic-ws": "isomorphic-ws@5.0.0_ws@8.13.0",
          "ts-custom-error": "ts-custom-error@3.3.1",
          "ws": "ws@8.13.0"
        }
      },
      "mime-db@1.52.0": {
        "integrity": "sha512-sPU4uV7dYlvtWJxwwxHD0PuihVNiE7TyAbQ5SWxDCB9mUYvOgroQOwYQQOKPJ8CIbE+1ETVlOoK1UC2nU3gYvg==",
        "dependencies": {}
      },
      "mime-types@2.1.35": {
        "integrity": "sha512-ZDY+bPm5zTTF+YpCrAU9nK0UgICYPT0QtT1NZWFv4s++TNkcgVaT0g6+4R2uI4MjQjzysHB1zxuWL50hzaeXiw==",
        "dependencies": {
          "mime-db": "mime-db@1.52.0"
        }
      },
      "multiformats@9.9.0": {
        "integrity": "sha512-HoMUjhH9T8DDBNT+6xzkrd9ga/XiBI4xLr58LJACwK6G3HTOPeMz4nB4KJs33L2BelrIJa7P0VuNaVF3hMYfjg==",
        "dependencies": {}
      },
      "no-case@3.0.4": {
        "integrity": "sha512-fgAN3jGAh+RoxUGZHTSOLJIqUc2wmoBwGR4tbpNAKmmovFoWq0OdRkb0VkldReO2a2iBT/OEulG9XSUc10r3zg==",
        "dependencies": {
          "lower-case": "lower-case@2.0.2",
          "tslib": "tslib@2.6.1"
        }
      },
      "node-fetch@2.6.12": {
        "integrity": "sha512-C/fGU2E8ToujUivIO0H+tpQ6HWo4eEmchoPIoXtxCrVghxdKq+QOHqEZW7tuP3KlV3bC8FRMO5nMCC7Zm1VP6g==",
        "dependencies": {
          "whatwg-url": "whatwg-url@5.0.0"
        }
      },
      "object-inspect@1.12.3": {
        "integrity": "sha512-geUvdk7c+eizMNUDkRpW1wJwgfOiOeHbxBR/hLXK1aT6zmVSO0jsQcs7fj6MGw89jC/cjGfLcNOrtMYtGqm81g==",
        "dependencies": {}
      },
      "param-case@3.0.4": {
        "integrity": "sha512-RXlj7zCYokReqWpOPH9oYivUzLYZ5vAPIfEmCTNViosC78F8F0H9y7T7gG2M39ymgutxF5gcFEsyZQSph9Bp3A==",
        "dependencies": {
          "dot-case": "dot-case@3.0.4",
          "tslib": "tslib@2.6.1"
        }
      },
      "pascal-case@3.1.2": {
        "integrity": "sha512-uWlGT3YSnK9x3BQJaOdcZwrnV6hPpd8jFH1/ucpiLRPh/2zCVJKS19E4GvYHvaCcACn3foXZ0cLB9Wrx1KGe5g==",
        "dependencies": {
          "no-case": "no-case@3.0.4",
          "tslib": "tslib@2.6.1"
        }
      },
      "path-case@3.0.4": {
        "integrity": "sha512-qO4qCFjXqVTrcbPt/hQfhTQ+VhFsqNKOPtytgNKkKxSoEp3XPUQ8ObFuePylOIok5gjn69ry8XiULxCwot3Wfg==",
        "dependencies": {
          "dot-case": "dot-case@3.0.4",
          "tslib": "tslib@2.6.1"
        }
      },
      "qs@6.11.2": {
        "integrity": "sha512-tDNIz22aBzCDxLtVH++VnTfzxlfeK5CbqohpSqpJgj1Wg/cQbStNAz3NuqCs5vV+pjBsK4x4pN9HlVh7rcYRiA==",
        "dependencies": {
          "side-channel": "side-channel@1.0.4"
        }
      },
      "rxjs@7.8.1": {
        "integrity": "sha512-AA3TVj+0A2iuIoQkWEK/tqFjBq2j+6PO6Y0zJcvzLAFhEFIO3HL0vls9hWLncZbAAbK0mar7oZ4V079I/qPMxg==",
        "dependencies": {
          "tslib": "tslib@2.6.1"
        }
      },
      "semver@7.5.4": {
        "integrity": "sha512-1bCSESV6Pv+i21Hvpxp3Dx+pSD8lIPt8uVjRrxAUt/nbswYc+tK6Y2btiULjd4+fnq15PX+nqQDC7Oft7WkwcA==",
        "dependencies": {
          "lru-cache": "lru-cache@6.0.0"
        }
      },
      "sentence-case@3.0.4": {
        "integrity": "sha512-8LS0JInaQMCRoQ7YUytAo/xUu5W2XnQxV2HI/6uM6U7CITS1RqPElr30V6uIqyMKM9lJGRVFy5/4CuzcixNYSg==",
        "dependencies": {
          "no-case": "no-case@3.0.4",
          "tslib": "tslib@2.6.1",
          "upper-case-first": "upper-case-first@2.0.2"
        }
      },
      "side-channel@1.0.4": {
        "integrity": "sha512-q5XPytqFEIKHkGdiMIrY10mvLRvnQh42/+GoBlFW3b2LXLE2xxJpZFdm94we0BaoV3RwJyGqg5wS7epxTv0Zvw==",
        "dependencies": {
          "call-bind": "call-bind@1.0.2",
          "get-intrinsic": "get-intrinsic@1.2.1",
          "object-inspect": "object-inspect@1.12.3"
        }
      },
      "snake-case@3.0.4": {
        "integrity": "sha512-LAOh4z89bGQvl9pFfNF8V146i7o7/CqFPbqzYgP+yYzDIDeS9HaNFtXABamRW+AQzEVODcvE79ljJ+8a9YSdMg==",
        "dependencies": {
          "dot-case": "dot-case@3.0.4",
          "tslib": "tslib@2.6.1"
        }
      },
      "tlds@1.240.0": {
        "integrity": "sha512-1OYJQenswGZSOdRw7Bql5Qu7uf75b+F3HFBXbqnG/ifHa0fev1XcG+3pJf3pA/KC6RtHQzfKgIf1vkMlMG7mtQ==",
        "dependencies": {}
      },
      "tr46@0.0.3": {
        "integrity": "sha512-N3WMsuqV66lT30CrXNbEjx4GEwlow3v6rr4mCcv6prnfwhS01rkgyFdjPNBYd9br7LpXV1+Emh01fHnq2Gdgrw==",
        "dependencies": {}
      },
      "ts-custom-error@3.3.1": {
        "integrity": "sha512-5OX1tzOjxWEgsr/YEUWSuPrQ00deKLh6D7OTWcvNHm12/7QPyRh8SYpyWvA4IZv8H/+GQWQEh/kwo95Q9OVW1A==",
        "dependencies": {}
      },
      "tslib@2.6.1": {
        "integrity": "sha512-t0hLfiEKfMUoqhG+U1oid7Pva4bbDPHYfJNiB7BiIjRkj1pyC++4N3huJfqY6aRH6VTB0rvtzQwjM4K6qpfOig==",
        "dependencies": {}
      },
      "twitter-api-v2@1.15.1": {
        "integrity": "sha512-KNxoJL+sldWMI3AooPGcNkbP8awQai93d9xxsTurVPuUo/qnOUR3iO0XZTGC5sezdejHHqNyTwBAgGGw948MDg==",
        "dependencies": {}
      },
      "typed-emitter@2.1.0": {
        "integrity": "sha512-g/KzbYKbH5C2vPkaXGu8DJlHrGKHLsM25Zg9WuC9pMGfuvT+X25tZQWo5fK1BjBm8+UrVE9LDCvaY0CQk+fXDA==",
        "dependencies": {
          "rxjs": "rxjs@7.8.1"
        }
      },
      "uint8arrays@3.0.0": {
        "integrity": "sha512-HRCx0q6O9Bfbp+HHSfQQKD7wU70+lydKVt4EghkdOvlK/NlrF90z+eXV34mUd48rNvVJXwkrMSPpCATkct8fJA==",
        "dependencies": {
          "multiformats": "multiformats@9.9.0"
        }
      },
      "upper-case-first@2.0.2": {
        "integrity": "sha512-514ppYHBaKwfJRK/pNC6c/OxfGa0obSnAl106u97Ed0I625Nin96KAjttZF6ZL3e1XLtphxnqrOi9iWgm+u+bg==",
        "dependencies": {
          "tslib": "tslib@2.6.1"
        }
      },
      "upper-case@2.0.2": {
        "integrity": "sha512-KgdgDGJt2TpuwBUIjgG6lzw2GWFRCW9Qkfkiv0DxqHHLYJHmtmdUIKcZd8rHgFSjopVTlw6ggzCm1b8MFQwikg==",
        "dependencies": {
          "tslib": "tslib@2.6.1"
        }
      },
      "webidl-conversions@3.0.1": {
        "integrity": "sha512-2JAn3z8AR6rjK8Sm8orRC0h/bcl/DqL7tRPdGZ4I1CjdF+EaMLmYxBHyXuKL849eucPFhvBoxMsflfOb8kxaeQ==",
        "dependencies": {}
      },
      "whatwg-url@5.0.0": {
        "integrity": "sha512-saE57nupxk6v3HY35+jzBwYa0rKSy0XR8JSxZPwgLr7ys0IBzhGviA1/TUGJLmSVqs8pb9AnvICXEuOHLprYTw==",
        "dependencies": {
          "tr46": "tr46@0.0.3",
          "webidl-conversions": "webidl-conversions@3.0.1"
        }
      },
      "ws@8.13.0": {
        "integrity": "sha512-x9vcZYTrFPC7aSIbj7sRCYo7L/Xb8Iy+pW0ng0wt2vCJv7M9HOMy0UoN3rr+IFC7hb7vXoqS+P9ktyLLLhO+LA==",
        "dependencies": {}
      },
      "yallist@4.0.0": {
        "integrity": "sha512-3wdGidZyq5PB084XLES5TpOSRA3wjXAlIWMhum2kRcv/41Sn2emQ0dycQW4uZXLejwKvg6EsvbdlVL+FYEct7A==",
        "dependencies": {}
      },
      "zod@3.21.4": {
        "integrity": "sha512-m46AKbrzKVzOzs/DZgVnG5H55N1sv1M8qZU3A8RIKbs3mrACDNeIOeilDymVb2HdmP8uwshOCF4uJ8uM9rCqJw==",
        "dependencies": {}
      }
    }
  }
}
